// !$*UTF8*$!
{
	archiveVersion = 1;
	classes = {
	};
	objectVersion = 46;
	objects = {

/* Begin PBXBuildFile section */
		37AE6FF019DC9A70008A1D3C /* FPEvent.m in Sources */ = {isa = PBXBuildFile; fileRef = 37AE6FEF19DC9A70008A1D3C /* FPEvent.m */; };
		5707E058DBD298AEAEB31975 /* libPods-FortPointExercise.a in Frameworks */ = {isa = PBXBuildFile; fileRef = E11E571F03A92BD128A54643 /* libPods-FortPointExercise.a */; };
		5AD2BE2D633B42AEA28FE3F7 /* libPods.a in Frameworks */ = {isa = PBXBuildFile; fileRef = B5AB4717975ABA3EE836C889 /* libPods.a */; };
		83322B4D19E5EB1700153106 /* FPBaseAPICall.m in Sources */ = {isa = PBXBuildFile; fileRef = 83322B4C19E5EB1700153106 /* FPBaseAPICall.m */; };
		836AA54E19AD33B900D5C648 /* Foundation.framework in Frameworks */ = {isa = PBXBuildFile; fileRef = 836AA54D19AD33B900D5C648 /* Foundation.framework */; };
		836AA55019AD33B900D5C648 /* CoreGraphics.framework in Frameworks */ = {isa = PBXBuildFile; fileRef = 836AA54F19AD33B900D5C648 /* CoreGraphics.framework */; };
		836AA55219AD33B900D5C648 /* UIKit.framework in Frameworks */ = {isa = PBXBuildFile; fileRef = 836AA55119AD33B900D5C648 /* UIKit.framework */; };
		836AA55819AD33B900D5C648 /* InfoPlist.strings in Resources */ = {isa = PBXBuildFile; fileRef = 836AA55619AD33B900D5C648 /* InfoPlist.strings */; };
		836AA55A19AD33B900D5C648 /* main.m in Sources */ = {isa = PBXBuildFile; fileRef = 836AA55919AD33B900D5C648 /* main.m */; };
		836AA55E19AD33B900D5C648 /* FPAppDelegate.m in Sources */ = {isa = PBXBuildFile; fileRef = 836AA55D19AD33B900D5C648 /* FPAppDelegate.m */; };
		836AA56019AD33B900D5C648 /* Images.xcassets in Resources */ = {isa = PBXBuildFile; fileRef = 836AA55F19AD33B900D5C648 /* Images.xcassets */; };
		836AA56719AD33B900D5C648 /* XCTest.framework in Frameworks */ = {isa = PBXBuildFile; fileRef = 836AA56619AD33B900D5C648 /* XCTest.framework */; };
		836AA56819AD33B900D5C648 /* Foundation.framework in Frameworks */ = {isa = PBXBuildFile; fileRef = 836AA54D19AD33B900D5C648 /* Foundation.framework */; };
		836AA56919AD33B900D5C648 /* UIKit.framework in Frameworks */ = {isa = PBXBuildFile; fileRef = 836AA55119AD33B900D5C648 /* UIKit.framework */; };
		836AA57119AD33B900D5C648 /* InfoPlist.strings in Resources */ = {isa = PBXBuildFile; fileRef = 836AA56F19AD33B900D5C648 /* InfoPlist.strings */; };
		836AA57319AD33B900D5C648 /* FortPointExerciseTests.m in Sources */ = {isa = PBXBuildFile; fileRef = 836AA57219AD33B900D5C648 /* FortPointExerciseTests.m */; };
		836AA57F19AD35A700D5C648 /* FPEventListViewController.m in Sources */ = {isa = PBXBuildFile; fileRef = 836AA57D19AD35A700D5C648 /* FPEventListViewController.m */; };
		836AA58019AD35A700D5C648 /* FPEventListViewController.xib in Resources */ = {isa = PBXBuildFile; fileRef = 836AA57E19AD35A700D5C648 /* FPEventListViewController.xib */; };
		FA4CD06719D476DE00BDFF22 /* FPUser.m in Sources */ = {isa = PBXBuildFile; fileRef = FA4CD06619D476DE00BDFF22 /* FPUser.m */; };
/* End PBXBuildFile section */

/* Begin PBXContainerItemProxy section */
		836AA56A19AD33B900D5C648 /* PBXContainerItemProxy */ = {
			isa = PBXContainerItemProxy;
			containerPortal = 836AA54219AD33B900D5C648 /* Project object */;
			proxyType = 1;
			remoteGlobalIDString = 836AA54919AD33B900D5C648;
			remoteInfo = FortPointExercise;
		};
/* End PBXContainerItemProxy section */

/* Begin PBXFileReference section */
		2006869BAE1F9DD7B491D07C /* Pods-FortPointExercise.release.xcconfig */ = {isa = PBXFileReference; includeInIndex = 1; lastKnownFileType = text.xcconfig; name = "Pods-FortPointExercise.release.xcconfig"; path = "Pods/Target Support Files/Pods-FortPointExercise/Pods-FortPointExercise.release.xcconfig"; sourceTree = "<group>"; };
		37AE6FEE19DC9A70008A1D3C /* FPEvent.h */ = {isa = PBXFileReference; fileEncoding = 4; lastKnownFileType = sourcecode.c.h; path = FPEvent.h; sourceTree = "<group>"; };
		37AE6FEF19DC9A70008A1D3C /* FPEvent.m */ = {isa = PBXFileReference; fileEncoding = 4; lastKnownFileType = sourcecode.c.objc; path = FPEvent.m; sourceTree = "<group>"; };
		83322B4B19E5EB1700153106 /* FPBaseAPICall.h */ = {isa = PBXFileReference; fileEncoding = 4; lastKnownFileType = sourcecode.c.h; path = FPBaseAPICall.h; sourceTree = "<group>"; };
		83322B4C19E5EB1700153106 /* FPBaseAPICall.m */ = {isa = PBXFileReference; fileEncoding = 4; lastKnownFileType = sourcecode.c.objc; path = FPBaseAPICall.m; sourceTree = "<group>"; };
		836AA54A19AD33B900D5C648 /* FortPointExercise.app */ = {isa = PBXFileReference; explicitFileType = wrapper.application; includeInIndex = 0; path = FortPointExercise.app; sourceTree = BUILT_PRODUCTS_DIR; };
		836AA54D19AD33B900D5C648 /* Foundation.framework */ = {isa = PBXFileReference; lastKnownFileType = wrapper.framework; name = Foundation.framework; path = System/Library/Frameworks/Foundation.framework; sourceTree = SDKROOT; };
		836AA54F19AD33B900D5C648 /* CoreGraphics.framework */ = {isa = PBXFileReference; lastKnownFileType = wrapper.framework; name = CoreGraphics.framework; path = System/Library/Frameworks/CoreGraphics.framework; sourceTree = SDKROOT; };
		836AA55119AD33B900D5C648 /* UIKit.framework */ = {isa = PBXFileReference; lastKnownFileType = wrapper.framework; name = UIKit.framework; path = System/Library/Frameworks/UIKit.framework; sourceTree = SDKROOT; };
		836AA55519AD33B900D5C648 /* FortPointExercise-Info.plist */ = {isa = PBXFileReference; lastKnownFileType = text.plist.xml; path = "FortPointExercise-Info.plist"; sourceTree = "<group>"; };
		836AA55719AD33B900D5C648 /* en */ = {isa = PBXFileReference; lastKnownFileType = text.plist.strings; name = en; path = en.lproj/InfoPlist.strings; sourceTree = "<group>"; };
		836AA55919AD33B900D5C648 /* main.m */ = {isa = PBXFileReference; lastKnownFileType = sourcecode.c.objc; path = main.m; sourceTree = "<group>"; };
		836AA55B19AD33B900D5C648 /* FortPointExercise-Prefix.pch */ = {isa = PBXFileReference; lastKnownFileType = sourcecode.c.h; path = "FortPointExercise-Prefix.pch"; sourceTree = "<group>"; };
		836AA55C19AD33B900D5C648 /* FPAppDelegate.h */ = {isa = PBXFileReference; lastKnownFileType = sourcecode.c.h; path = FPAppDelegate.h; sourceTree = "<group>"; };
		836AA55D19AD33B900D5C648 /* FPAppDelegate.m */ = {isa = PBXFileReference; lastKnownFileType = sourcecode.c.objc; path = FPAppDelegate.m; sourceTree = "<group>"; };
		836AA55F19AD33B900D5C648 /* Images.xcassets */ = {isa = PBXFileReference; lastKnownFileType = folder.assetcatalog; path = Images.xcassets; sourceTree = "<group>"; };
		836AA56519AD33B900D5C648 /* FortPointExerciseTests.xctest */ = {isa = PBXFileReference; explicitFileType = wrapper.cfbundle; includeInIndex = 0; path = FortPointExerciseTests.xctest; sourceTree = BUILT_PRODUCTS_DIR; };
		836AA56619AD33B900D5C648 /* XCTest.framework */ = {isa = PBXFileReference; lastKnownFileType = wrapper.framework; name = XCTest.framework; path = Library/Frameworks/XCTest.framework; sourceTree = DEVELOPER_DIR; };
		836AA56E19AD33B900D5C648 /* FortPointExerciseTests-Info.plist */ = {isa = PBXFileReference; lastKnownFileType = text.plist.xml; path = "FortPointExerciseTests-Info.plist"; sourceTree = "<group>"; };
		836AA57019AD33B900D5C648 /* en */ = {isa = PBXFileReference; lastKnownFileType = text.plist.strings; name = en; path = en.lproj/InfoPlist.strings; sourceTree = "<group>"; };
		836AA57219AD33B900D5C648 /* FortPointExerciseTests.m */ = {isa = PBXFileReference; lastKnownFileType = sourcecode.c.objc; path = FortPointExerciseTests.m; sourceTree = "<group>"; };
		836AA57C19AD35A600D5C648 /* FPEventListViewController.h */ = {isa = PBXFileReference; fileEncoding = 4; lastKnownFileType = sourcecode.c.h; path = FPEventListViewController.h; sourceTree = "<group>"; };
		836AA57D19AD35A700D5C648 /* FPEventListViewController.m */ = {isa = PBXFileReference; fileEncoding = 4; lastKnownFileType = sourcecode.c.objc; path = FPEventListViewController.m; sourceTree = "<group>"; };
		836AA57E19AD35A700D5C648 /* FPEventListViewController.xib */ = {isa = PBXFileReference; fileEncoding = 4; lastKnownFileType = file.xib; path = FPEventListViewController.xib; sourceTree = "<group>"; };
		B5AB4717975ABA3EE836C889 /* libPods.a */ = {isa = PBXFileReference; explicitFileType = archive.ar; includeInIndex = 0; path = libPods.a; sourceTree = BUILT_PRODUCTS_DIR; };
		B8C946E135BEF522275B18F3 /* Pods-FortPointExercise.debug.xcconfig */ = {isa = PBXFileReference; includeInIndex = 1; lastKnownFileType = text.xcconfig; name = "Pods-FortPointExercise.debug.xcconfig"; path = "Pods/Target Support Files/Pods-FortPointExercise/Pods-FortPointExercise.debug.xcconfig"; sourceTree = "<group>"; };
		E11E571F03A92BD128A54643 /* libPods-FortPointExercise.a */ = {isa = PBXFileReference; explicitFileType = archive.ar; includeInIndex = 0; path = "libPods-FortPointExercise.a"; sourceTree = BUILT_PRODUCTS_DIR; };
		FA4CD06519D476DE00BDFF22 /* FPUser.h */ = {isa = PBXFileReference; fileEncoding = 4; lastKnownFileType = sourcecode.c.h; path = FPUser.h; sourceTree = "<group>"; };
		FA4CD06619D476DE00BDFF22 /* FPUser.m */ = {isa = PBXFileReference; fileEncoding = 4; lastKnownFileType = sourcecode.c.objc; path = FPUser.m; sourceTree = "<group>"; };
/* End PBXFileReference section */

/* Begin PBXFrameworksBuildPhase section */
		836AA54719AD33B900D5C648 /* Frameworks */ = {
			isa = PBXFrameworksBuildPhase;
			buildActionMask = 2147483647;
			files = (
				836AA55019AD33B900D5C648 /* CoreGraphics.framework in Frameworks */,
				836AA55219AD33B900D5C648 /* UIKit.framework in Frameworks */,
				836AA54E19AD33B900D5C648 /* Foundation.framework in Frameworks */,
				5707E058DBD298AEAEB31975 /* libPods-FortPointExercise.a in Frameworks */,
				5AD2BE2D633B42AEA28FE3F7 /* libPods.a in Frameworks */,
			);
			runOnlyForDeploymentPostprocessing = 0;
		};
		836AA56219AD33B900D5C648 /* Frameworks */ = {
			isa = PBXFrameworksBuildPhase;
			buildActionMask = 2147483647;
			files = (
				836AA56719AD33B900D5C648 /* XCTest.framework in Frameworks */,
				836AA56919AD33B900D5C648 /* UIKit.framework in Frameworks */,
				836AA56819AD33B900D5C648 /* Foundation.framework in Frameworks */,
			);
			runOnlyForDeploymentPostprocessing = 0;
		};
/* End PBXFrameworksBuildPhase section */

/* Begin PBXGroup section */
		1CEC4413FDF4DC34AA31BEE5 /* Pods */ = {
			isa = PBXGroup;
			children = (
				B8C946E135BEF522275B18F3 /* Pods-FortPointExercise.debug.xcconfig */,
				2006869BAE1F9DD7B491D07C /* Pods-FortPointExercise.release.xcconfig */,
			);
			name = Pods;
			sourceTree = "<group>";
		};
		83322B4A19E5EAE100153106 /* API */ = {
			isa = PBXGroup;
			children = (
				83322B4B19E5EB1700153106 /* FPBaseAPICall.h */,
				83322B4C19E5EB1700153106 /* FPBaseAPICall.m */,
			);
			path = API;
			sourceTree = "<group>";
		};
		836AA54119AD33B900D5C648 = {
			isa = PBXGroup;
			children = (
				836AA55319AD33B900D5C648 /* FortPointExercise */,
				836AA56C19AD33B900D5C648 /* FortPointExerciseTests */,
				836AA54C19AD33B900D5C648 /* Frameworks */,
				836AA54B19AD33B900D5C648 /* Products */,
				1CEC4413FDF4DC34AA31BEE5 /* Pods */,
			);
			sourceTree = "<group>";
		};
		836AA54B19AD33B900D5C648 /* Products */ = {
			isa = PBXGroup;
			children = (
				836AA54A19AD33B900D5C648 /* FortPointExercise.app */,
				836AA56519AD33B900D5C648 /* FortPointExerciseTests.xctest */,
			);
			name = Products;
			sourceTree = "<group>";
		};
		836AA54C19AD33B900D5C648 /* Frameworks */ = {
			isa = PBXGroup;
			children = (
				836AA54D19AD33B900D5C648 /* Foundation.framework */,
				836AA54F19AD33B900D5C648 /* CoreGraphics.framework */,
				836AA55119AD33B900D5C648 /* UIKit.framework */,
				836AA56619AD33B900D5C648 /* XCTest.framework */,
				E11E571F03A92BD128A54643 /* libPods-FortPointExercise.a */,
				B5AB4717975ABA3EE836C889 /* libPods.a */,
			);
			name = Frameworks;
			sourceTree = "<group>";
		};
		836AA55319AD33B900D5C648 /* FortPointExercise */ = {
			isa = PBXGroup;
			children = (
				83322B4A19E5EAE100153106 /* API */,
				FA4CD06419D4767800BDFF22 /* Models */,
				836AA55C19AD33B900D5C648 /* FPAppDelegate.h */,
				836AA55D19AD33B900D5C648 /* FPAppDelegate.m */,
				836AA57C19AD35A600D5C648 /* FPEventListViewController.h */,
				836AA57D19AD35A700D5C648 /* FPEventListViewController.m */,
				836AA57E19AD35A700D5C648 /* FPEventListViewController.xib */,
				836AA55F19AD33B900D5C648 /* Images.xcassets */,
				836AA55419AD33B900D5C648 /* Supporting Files */,
			);
			path = FortPointExercise;
			sourceTree = "<group>";
		};
		836AA55419AD33B900D5C648 /* Supporting Files */ = {
			isa = PBXGroup;
			children = (
				836AA55519AD33B900D5C648 /* FortPointExercise-Info.plist */,
				836AA55619AD33B900D5C648 /* InfoPlist.strings */,
				836AA55919AD33B900D5C648 /* main.m */,
				836AA55B19AD33B900D5C648 /* FortPointExercise-Prefix.pch */,
			);
			name = "Supporting Files";
			sourceTree = "<group>";
		};
		836AA56C19AD33B900D5C648 /* FortPointExerciseTests */ = {
			isa = PBXGroup;
			children = (
				836AA57219AD33B900D5C648 /* FortPointExerciseTests.m */,
				836AA56D19AD33B900D5C648 /* Supporting Files */,
			);
			path = FortPointExerciseTests;
			sourceTree = "<group>";
		};
		836AA56D19AD33B900D5C648 /* Supporting Files */ = {
			isa = PBXGroup;
			children = (
				836AA56E19AD33B900D5C648 /* FortPointExerciseTests-Info.plist */,
				836AA56F19AD33B900D5C648 /* InfoPlist.strings */,
			);
			name = "Supporting Files";
			sourceTree = "<group>";
		};
		FA4CD06419D4767800BDFF22 /* Models */ = {
			isa = PBXGroup;
			children = (
				FA4CD06519D476DE00BDFF22 /* FPUser.h */,
				FA4CD06619D476DE00BDFF22 /* FPUser.m */,
				37AE6FEE19DC9A70008A1D3C /* FPEvent.h */,
				37AE6FEF19DC9A70008A1D3C /* FPEvent.m */,
			);
			name = Models;
			sourceTree = "<group>";
		};
/* End PBXGroup section */

/* Begin PBXNativeTarget section */
		836AA54919AD33B900D5C648 /* FortPointExercise */ = {
			isa = PBXNativeTarget;
			buildConfigurationList = 836AA57619AD33B900D5C648 /* Build configuration list for PBXNativeTarget "FortPointExercise" */;
			buildPhases = (
				B9A884CE51DCB6AA63A65D44 /* Check Pods Manifest.lock */,
				836AA54619AD33B900D5C648 /* Sources */,
				836AA54719AD33B900D5C648 /* Frameworks */,
				836AA54819AD33B900D5C648 /* Resources */,
				202D498DBD8F912FADB76F50 /* Copy Pods Resources */,
			);
			buildRules = (
			);
			dependencies = (
			);
			name = FortPointExercise;
			productName = FortPointExercise;
			productReference = 836AA54A19AD33B900D5C648 /* FortPointExercise.app */;
			productType = "com.apple.product-type.application";
		};
		836AA56419AD33B900D5C648 /* FortPointExerciseTests */ = {
			isa = PBXNativeTarget;
			buildConfigurationList = 836AA57919AD33B900D5C648 /* Build configuration list for PBXNativeTarget "FortPointExerciseTests" */;
			buildPhases = (
				836AA56119AD33B900D5C648 /* Sources */,
				836AA56219AD33B900D5C648 /* Frameworks */,
				836AA56319AD33B900D5C648 /* Resources */,
			);
			buildRules = (
			);
			dependencies = (
				836AA56B19AD33B900D5C648 /* PBXTargetDependency */,
			);
			name = FortPointExerciseTests;
			productName = FortPointExerciseTests;
			productReference = 836AA56519AD33B900D5C648 /* FortPointExerciseTests.xctest */;
			productType = "com.apple.product-type.bundle.unit-test";
		};
/* End PBXNativeTarget section */

/* Begin PBXProject section */
		836AA54219AD33B900D5C648 /* Project object */ = {
			isa = PBXProject;
			attributes = {
				CLASSPREFIX = FP;
				LastUpgradeCheck = 0510;
				ORGANIZATIONNAME = FPE;
				TargetAttributes = {
					836AA56419AD33B900D5C648 = {
						TestTargetID = 836AA54919AD33B900D5C648;
					};
				};
			};
			buildConfigurationList = 836AA54519AD33B900D5C648 /* Build configuration list for PBXProject "FortPointExercise" */;
			compatibilityVersion = "Xcode 3.2";
			developmentRegion = English;
			hasScannedForEncodings = 0;
			knownRegions = (
				en,
			);
			mainGroup = 836AA54119AD33B900D5C648;
			productRefGroup = 836AA54B19AD33B900D5C648 /* Products */;
			projectDirPath = "";
			projectRoot = "";
			targets = (
				836AA54919AD33B900D5C648 /* FortPointExercise */,
				836AA56419AD33B900D5C648 /* FortPointExerciseTests */,
			);
		};
/* End PBXProject section */

/* Begin PBXResourcesBuildPhase section */
		836AA54819AD33B900D5C648 /* Resources */ = {
			isa = PBXResourcesBuildPhase;
			buildActionMask = 2147483647;
			files = (
				836AA55819AD33B900D5C648 /* InfoPlist.strings in Resources */,
				836AA58019AD35A700D5C648 /* FPEventListViewController.xib in Resources */,
				836AA56019AD33B900D5C648 /* Images.xcassets in Resources */,
			);
			runOnlyForDeploymentPostprocessing = 0;
		};
		836AA56319AD33B900D5C648 /* Resources */ = {
			isa = PBXResourcesBuildPhase;
			buildActionMask = 2147483647;
			files = (
				836AA57119AD33B900D5C648 /* InfoPlist.strings in Resources */,
			);
			runOnlyForDeploymentPostprocessing = 0;
		};
/* End PBXResourcesBuildPhase section */

/* Begin PBXShellScriptBuildPhase section */
		202D498DBD8F912FADB76F50 /* Copy Pods Resources */ = {
			isa = PBXShellScriptBuildPhase;
			buildActionMask = 2147483647;
			files = (
			);
			inputPaths = (
			);
			name = "Copy Pods Resources";
			outputPaths = (
			);
			runOnlyForDeploymentPostprocessing = 0;
			shellPath = /bin/sh;
			shellScript = "\"${SRCROOT}/Pods/Target Support Files/Pods/Pods-resources.sh\"\n";
			showEnvVarsInLog = 0;
		};
		B9A884CE51DCB6AA63A65D44 /* Check Pods Manifest.lock */ = {
			isa = PBXShellScriptBuildPhase;
			buildActionMask = 2147483647;
			files = (
			);
			inputPaths = (
			);
			name = "Check Pods Manifest.lock";
			outputPaths = (
			);
			runOnlyForDeploymentPostprocessing = 0;
			shellPath = /bin/sh;
			shellScript = "diff \"${PODS_ROOT}/../Podfile.lock\" \"${PODS_ROOT}/Manifest.lock\" > /dev/null\nif [[ $? != 0 ]] ; then\n    cat << EOM\nerror: The sandbox is not in sync with the Podfile.lock. Run 'pod install' or update your CocoaPods installation.\nEOM\n    exit 1\nfi\n";
			showEnvVarsInLog = 0;
		};
/* End PBXShellScriptBuildPhase section */

/* Begin PBXSourcesBuildPhase section */
		836AA54619AD33B900D5C648 /* Sources */ = {
			isa = PBXSourcesBuildPhase;
			buildActionMask = 2147483647;
			files = (
				37AE6FF019DC9A70008A1D3C /* FPEvent.m in Sources */,
				FA4CD06719D476DE00BDFF22 /* FPUser.m in Sources */,
				836AA57F19AD35A700D5C648 /* FPEventListViewController.m in Sources */,
				836AA55E19AD33B900D5C648 /* FPAppDelegate.m in Sources */,
				836AA55A19AD33B900D5C648 /* main.m in Sources */,
				83322B4D19E5EB1700153106 /* FPBaseAPICall.m in Sources */,
			);
			runOnlyForDeploymentPostprocessing = 0;
		};
		836AA56119AD33B900D5C648 /* Sources */ = {
			isa = PBXSourcesBuildPhase;
			buildActionMask = 2147483647;
			files = (
				836AA57319AD33B900D5C648 /* FortPointExerciseTests.m in Sources */,
			);
			runOnlyForDeploymentPostprocessing = 0;
		};
/* End PBXSourcesBuildPhase section */

/* Begin PBXTargetDependency section */
		836AA56B19AD33B900D5C648 /* PBXTargetDependency */ = {
			isa = PBXTargetDependency;
			target = 836AA54919AD33B900D5C648 /* FortPointExercise */;
			targetProxy = 836AA56A19AD33B900D5C648 /* PBXContainerItemProxy */;
		};
/* End PBXTargetDependency section */

/* Begin PBXVariantGroup section */
		836AA55619AD33B900D5C648 /* InfoPlist.strings */ = {
			isa = PBXVariantGroup;
			children = (
				836AA55719AD33B900D5C648 /* en */,
			);
			name = InfoPlist.strings;
			sourceTree = "<group>";
		};
		836AA56F19AD33B900D5C648 /* InfoPlist.strings */ = {
			isa = PBXVariantGroup;
			children = (
				836AA57019AD33B900D5C648 /* en */,
			);
			name = InfoPlist.strings;
			sourceTree = "<group>";
		};
/* End PBXVariantGroup section */

/* Begin XCBuildConfiguration section */
		836AA57419AD33B900D5C648 /* Debug */ = {
			isa = XCBuildConfiguration;
			buildSettings = {
				ALWAYS_SEARCH_USER_PATHS = NO;
				CLANG_CXX_LANGUAGE_STANDARD = "gnu++0x";
				CLANG_CXX_LIBRARY = "libc++";
				CLANG_ENABLE_MODULES = YES;
				CLANG_ENABLE_OBJC_ARC = YES;
				CLANG_WARN_BOOL_CONVERSION = YES;
				CLANG_WARN_CONSTANT_CONVERSION = YES;
				CLANG_WARN_DIRECT_OBJC_ISA_USAGE = YES_ERROR;
				CLANG_WARN_EMPTY_BODY = YES;
				CLANG_WARN_ENUM_CONVERSION = YES;
				CLANG_WARN_INT_CONVERSION = YES;
				CLANG_WARN_OBJC_ROOT_CLASS = YES_ERROR;
				CLANG_WARN__DUPLICATE_METHOD_MATCH = YES;
				"CODE_SIGN_IDENTITY[sdk=iphoneos*]" = "iPhone Developer";
				COPY_PHASE_STRIP = NO;
				GCC_C_LANGUAGE_STANDARD = gnu99;
				GCC_DYNAMIC_NO_PIC = NO;
				GCC_OPTIMIZATION_LEVEL = 0;
				GCC_PREPROCESSOR_DEFINITIONS = (
					"DEBUG=1",
					"$(inherited)",
				);
				GCC_SYMBOLS_PRIVATE_EXTERN = NO;
				GCC_WARN_64_TO_32_BIT_CONVERSION = YES;
				GCC_WARN_ABOUT_RETURN_TYPE = YES_ERROR;
				GCC_WARN_UNDECLARED_SELECTOR = YES;
				GCC_WARN_UNINITIALIZED_AUTOS = YES_AGGRESSIVE;
				GCC_WARN_UNUSED_FUNCTION = YES;
				GCC_WARN_UNUSED_VARIABLE = YES;
				IPHONEOS_DEPLOYMENT_TARGET = 7.1;
				ONLY_ACTIVE_ARCH = YES;
				SDKROOT = iphoneos;
			};
			name = Debug;
		};
		836AA57519AD33B900D5C648 /* Release */ = {
			isa = XCBuildConfiguration;
			buildSettings = {
				ALWAYS_SEARCH_USER_PATHS = NO;
				CLANG_CXX_LANGUAGE_STANDARD = "gnu++0x";
				CLANG_CXX_LIBRARY = "libc++";
				CLANG_ENABLE_MODULES = YES;
				CLANG_ENABLE_OBJC_ARC = YES;
				CLANG_WARN_BOOL_CONVERSION = YES;
				CLANG_WARN_CONSTANT_CONVERSION = YES;
				CLANG_WARN_DIRECT_OBJC_ISA_USAGE = YES_ERROR;
				CLANG_WARN_EMPTY_BODY = YES;
				CLANG_WARN_ENUM_CONVERSION = YES;
				CLANG_WARN_INT_CONVERSION = YES;
				CLANG_WARN_OBJC_ROOT_CLASS = YES_ERROR;
				CLANG_WARN__DUPLICATE_METHOD_MATCH = YES;
				"CODE_SIGN_IDENTITY[sdk=iphoneos*]" = "iPhone Developer";
				COPY_PHASE_STRIP = YES;
				ENABLE_NS_ASSERTIONS = NO;
				GCC_C_LANGUAGE_STANDARD = gnu99;
				GCC_WARN_64_TO_32_BIT_CONVERSION = YES;
				GCC_WARN_ABOUT_RETURN_TYPE = YES_ERROR;
				GCC_WARN_UNDECLARED_SELECTOR = YES;
				GCC_WARN_UNINITIALIZED_AUTOS = YES_AGGRESSIVE;
				GCC_WARN_UNUSED_FUNCTION = YES;
				GCC_WARN_UNUSED_VARIABLE = YES;
				IPHONEOS_DEPLOYMENT_TARGET = 7.1;
				SDKROOT = iphoneos;
				VALIDATE_PRODUCT = YES;
			};
			name = Release;
		};
		836AA57719AD33B900D5C648 /* Debug */ = {
			isa = XCBuildConfiguration;
			baseConfigurationReference = B8C946E135BEF522275B18F3 /* Pods-FortPointExercise.debug.xcconfig */;
			buildSettings = {
				ASSETCATALOG_COMPILER_APPICON_NAME = AppIcon;
				ASSETCATALOG_COMPILER_LAUNCHIMAGE_NAME = LaunchImage;
				GCC_PRECOMPILE_PREFIX_HEADER = YES;
				GCC_PREFIX_HEADER = "FortPointExercise/FortPointExercise-Prefix.pch";
				INFOPLIST_FILE = "FortPointExercise/FortPointExercise-Info.plist";
				IPHONEOS_DEPLOYMENT_TARGET = 8.0;
				PRODUCT_NAME = "$(TARGET_NAME)";
				WRAPPER_EXTENSION = app;
			};
			name = Debug;
		};
		836AA57819AD33B900D5C648 /* Release */ = {
			isa = XCBuildConfiguration;
			baseConfigurationReference = 2006869BAE1F9DD7B491D07C /* Pods-FortPointExercise.release.xcconfig */;
			buildSettings = {
				ASSETCATALOG_COMPILER_APPICON_NAME = AppIcon;
				ASSETCATALOG_COMPILER_LAUNCHIMAGE_NAME = LaunchImage;
				GCC_PRECOMPILE_PREFIX_HEADER = YES;
				GCC_PREFIX_HEADER = "FortPointExercise/FortPointExercise-Prefix.pch";
				INFOPLIST_FILE = "FortPointExercise/FortPointExercise-Info.plist";
				IPHONEOS_DEPLOYMENT_TARGET = 8.0;
				PRODUCT_NAME = "$(TARGET_NAME)";
				WRAPPER_EXTENSION = app;
			};
			name = Release;
		};
		836AA57A19AD33B900D5C648 /* Debug */ = {
			isa = XCBuildConfiguration;
			buildSettings = {
				BUNDLE_LOADER = "$(BUILT_PRODUCTS_DIR)/FortPointExercise.app/FortPointExercise";
				FRAMEWORK_SEARCH_PATHS = (
					"$(SDKROOT)/Developer/Library/Frameworks",
					"$(inherited)",
					"$(DEVELOPER_FRAMEWORKS_DIR)",
				);
				GCC_PRECOMPILE_PREFIX_HEADER = YES;
				GCC_PREFIX_HEADER = "FortPointExercise/FortPointExercise-Prefix.pch";
				GCC_PREPROCESSOR_DEFINITIONS = (
					"DEBUG=1",
					"$(inherited)",
				);
				INFOPLIST_FILE = "FortPointExerciseTests/FortPointExerciseTests-Info.plist";
				PRODUCT_NAME = "$(TARGET_NAME)";
				TEST_HOST = "$(BUNDLE_LOADER)";
				WRAPPER_EXTENSION = xctest;
			};
			name = Debug;
		};
		836AA57B19AD33B900D5C648 /* Release */ = {
			isa = XCBuildConfiguration;
			buildSettings = {
				BUNDLE_LOADER = "$(BUILT_PRODUCTS_DIR)/FortPointExercise.app/FortPointExercise";
				FRAMEWORK_SEARCH_PATHS = (
					"$(SDKROOT)/Developer/Library/Frameworks",
					"$(inherited)",
					"$(DEVELOPER_FRAMEWORKS_DIR)",
				);
				GCC_PRECOMPILE_PREFIX_HEADER = YES;
				GCC_PREFIX_HEADER = "FortPointExercise/FortPointExercise-Prefix.pch";
				INFOPLIST_FILE = "FortPointExerciseTests/FortPointExerciseTests-Info.plist";
				PRODUCT_NAME = "$(TARGET_NAME)";
				TEST_HOST = "$(BUNDLE_LOADER)";
				WRAPPER_EXTENSION = xctest;
			};
			name = Release;
		};
/* End XCBuildConfiguration section */

/* Begin XCConfigurationList section */
		836AA54519AD33B900D5C648 /* Build configuration list for PBXProject "FortPointExercise" */ = {
			isa = XCConfigurationList;
			buildConfigurations = (
				836AA57419AD33B900D5C648 /* Debug */,
				836AA57519AD33B900D5C648 /* Release */,
			);
			defaultConfigurationIsVisible = 0;
			defaultConfigurationName = Release;
		};
		836AA57619AD33B900D5C648 /* Build configuration list for PBXNativeTarget "FortPointExercise" */ = {
			isa = XCConfigurationList;
			buildConfigurations = (
				836AA57719AD33B900D5C648 /* Debug */,
				836AA57819AD33B900D5C648 /* Release */,
			);
			defaultConfigurationIsVisible = 0;
			defaultConfigurationName = Release;
		};
		836AA57919AD33B900D5C648 /* Build configuration list for PBXNativeTarget "FortPointExerciseTests" */ = {
			isa = XCConfigurationList;
			buildConfigurations = (
				836AA57A19AD33B900D5C648 /* Debug */,
				836AA57B19AD33B900D5C648 /* Release */,
			);
			defaultConfigurationIsVisible = 0;
			defaultConfigurationName = Release;
		};
/* End XCConfigurationList section */
	};
	rootObject = 836AA54219AD33B900D5C648 /* Project object */;
}
